
Microsoft Visual Studio Solution File, Format Version 12.00
# Visual Studio Version 16
VisualStudioVersion = 16.0.808.6
MinimumVisualStudioVersion = 10.0.40219.1
Project("{FAE04EC0-301F-11D3-BF4B-00C04F79EFBC}") = "TodoApi", "TodoApi\TodoApi.csproj", "{9E102092-AC28-45F6-BC89-4EBEB286A5DD}"
EndProject
Global
	GlobalSection(SolutionConfigurationPlatforms) = preSolution
		Debug|Any CPU = Debug|Any CPU
		Release|Any CPU = Release|Any CPU
	EndGlobalSection
	GlobalSection(ProjectConfigurationPlatforms) = postSolution
		{9E102092-AC28-45F6-BC89-4EBEB286A5DD}.Debug|Any CPU.ActiveCfg = Debug|Any CPU
		{9E102092-AC28-45F6-BC89-4EBEB286A5DD}.Debug|Any CPU.Build.0 = Debug|Any CPU
		{9E102092-AC28-45F6-BC89-4EBEB286A5DD}.Release|Any CPU.ActiveCfg = Release|Any CPU
		{9E102092-AC28-45F6-BC89-4EBEB286A5DD}.Release|Any CPU.Build.0 = Release|Any CPU
	EndGlobalSection
	GlobalSection(SolutionProperties) = preSolution
		HideSolutionNode = FALSE
	EndGlobalSection
	GlobalSection(ExtensibilityGlobals) = postSolution
		SolutionGuid = {271A078C-5A4F-4070-8DA7-6056BCCE5CD4}
	EndGlobalSection
EndGlobal
